
Microsoft Visual Studio Solution File, Format Version 12.00
# Visual Studio Version 16
VisualStudioVersion = 16.0.34031.81
MinimumVisualStudioVersion = 10.0.40219.1
Project("{FAE04EC0-301F-11D3-BF4B-00C04F79EFBC}") = "DangKyThongTin", "DangKyThongTin\DangKyThongTin.csproj", "{68F8569E-F14C-45C0-BB82-7D59B1AF125F}"
EndProject
Global
	GlobalSection(SolutionConfigurationPlatforms) = preSolution
		Debug|Any CPU = Debug|Any CPU
		Release|Any CPU = Release|Any CPU
	EndGlobalSection
	GlobalSection(ProjectConfigurationPlatforms) = postSolution
		{68F8569E-F14C-45C0-BB82-7D59B1AF125F}.Debug|Any CPU.ActiveCfg = Debug|Any CPU
		{68F8569E-F14C-45C0-BB82-7D59B1AF125F}.Debug|Any CPU.Build.0 = Debug|Any CPU
		{68F8569E-F14C-45C0-BB82-7D59B1AF125F}.Release|Any CPU.ActiveCfg = Release|Any CPU
		{68F8569E-F14C-45C0-BB82-7D59B1AF125F}.Release|Any CPU.Build.0 = Release|Any CPU
	EndGlobalSection
	GlobalSection(SolutionProperties) = preSolution
		HideSolutionNode = FALSE
	EndGlobalSection
	GlobalSection(ExtensibilityGlobals) = postSolution
		SolutionGuid = {4AF0A482-20BC-43F4-927C-27AEE84E5B8E}
	EndGlobalSection
EndGlobal
